# THIS IS AN AUTOGENERATED FILE. DO NOT EDIT THIS FILE DIRECTLY.
# yarn lockfile v1


"@improbable-eng/grpc-web-node-http-transport@^0.14.0":
  version "0.14.1"
  resolved "https://registry.yarnpkg.com/@improbable-eng/grpc-web-node-http-transport/-/grpc-web-node-http-transport-0.14.1.tgz#16c078db2e10aca9a8f7fb235a80b2fa447273a3"
  integrity sha512-ZsCTzI1iKUbmQjB5DNZSI5/hvdliuaPpS2h8mVj1QzynL3IFb5NrNnHVHbfcH1wbm26Ka6Z1CrKFGvKLrmbFIg==

"@improbable-eng/grpc-web@^0.12.0":
  version "0.12.0"
  resolved "https://registry.yarnpkg.com/@improbable-eng/grpc-web/-/grpc-web-0.12.0.tgz#9b10a7edf2a1d7672f8997e34a60e7b70e49738f"
  integrity sha512-uJjgMPngreRTYPBuo6gswMj1gK39Wbqre/RgE0XnSDXJRg6ST7ZhuS53dFE6Vc2CX4jxgl+cO+0B3op8LA4Q0Q==
  dependencies:
    browser-headers "^0.4.0"

"@improbable-eng/grpc-web@^0.14.0":
  version "0.14.1"
  resolved "https://registry.yarnpkg.com/@improbable-eng/grpc-web/-/grpc-web-0.14.1.tgz#f4662f64dc89c0f956a94bb8a3b576556c74589c"
  integrity sha512-XaIYuunepPxoiGVLLHmlnVminUGzBTnXr8Wv7khzmLWbNw4TCwJKX09GSMJlKhu/TRk6gms0ySFxewaETSBqgw==
  dependencies:
    browser-headers "^0.4.1"

"@onflow/config@^1.0.1":
  version "1.0.1"
  resolved "https://registry.yarnpkg.com/@onflow/config/-/config-1.0.1.tgz#6cbbd772da275dc07d58a151b122b7e0152366b4"
  integrity sha512-t7HZ+Dzg6fyLv6uo+EJy2l2aB6l/p+lzjm+PTw+0aCMN59SNVYzCV1FdQNT7yhhz3nqtkFCwDMn6nul5R0XVBQ==
  dependencies:
    "@onflow/util-actor" "^1.0.1"

"@onflow/fcl@latest":
  version "1.0.2"
  resolved "https://registry.yarnpkg.com/@onflow/fcl/-/fcl-1.0.2.tgz#6f3a2a60ac63903252af3fac64026f8f69d6a64e"
  integrity sha512-QzK6G5ISwns08rRc2p7N2BB0icLm5dGjzEtdU7UmM+j8gFh0DQh3T/2XMopcPLMIwuIzrY7OhlSEgoBtqTeQRw==
  dependencies:
    "@onflow/config" "^1.0.1"
    "@onflow/interaction" "0.0.11"
    "@onflow/rlp" "^1.0.1"
    "@onflow/sdk" "^1.0.1"
    "@onflow/types" "^1.0.1"
    "@onflow/util-actor" "^1.0.1"
    "@onflow/util-address" "^1.0.1"
    "@onflow/util-invariant" "^1.0.1"
    "@onflow/util-template" "^1.0.1"
    "@onflow/util-uid" "^1.0.1"

"@onflow/interaction@0.0.11":
  version "0.0.11"
  resolved "https://registry.yarnpkg.com/@onflow/interaction/-/interaction-0.0.11.tgz#4db8f4304039e33d6fc3b14c38b392d724113374"
  integrity sha512-Xuq1Mmx6Wyba/F/L+QLQs0yJeQDsIDwy5SKk5vrCuVgIj0yD8k506g5L8ODrbM1LWll8i0tQsoOi0F85vNl5sA==

"@onflow/protobuf@^1.0.0":
  version "1.0.0"
  resolved "https://registry.yarnpkg.com/@onflow/protobuf/-/protobuf-1.0.0.tgz#351e7add8e558af05b06d6523a8c5b8ae6626482"
  integrity sha512-HKF96MpkuAppyS1V+iWdWtsrwUTDlg3j1rH7AtILu5VsXAGQyfLDncZ5S+/qKYuPVPLxkp6C57Gujg/uRZGLaQ==
  dependencies:
    "@improbable-eng/grpc-web" "^0.12.0"
    elliptic "^6.5.4"
    google-protobuf "^3.11.4"

"@onflow/rlp@^1.0.1":
  version "1.0.1"
  resolved "https://registry.yarnpkg.com/@onflow/rlp/-/rlp-1.0.1.tgz#133dceecfc679844b21de17b15cd6c07369968fe"
  integrity sha512-n4zEU8e08isWfC6F2FL4wduIFoMgqJQXTHI93tUTR3Fe7u50qlvkX4FidNC87f5klkhSWrypqg8/+7wL+QHmeQ==
  dependencies:
    buffer "^6.0.3"

"@onflow/sdk@^1.0.1":
  version "1.0.1"
  resolved "https://registry.yarnpkg.com/@onflow/sdk/-/sdk-1.0.1.tgz#244db2eb24d5a71ef2f407c9a79f8158471bfb75"
  integrity sha512-mlQ12cLAqg+ekIJU1U9JOyFbsouuRrbyLFd2oM84F1++5j3EnD2u2PihohUL6bXtQbaLSWNnvIfQBmtMIzuQZQ==
  dependencies:
    "@onflow/config" "^1.0.1"
    "@onflow/rlp" "^1.0.1"
    "@onflow/transport-http" "^1.1.0"
    "@onflow/util-actor" "^1.0.1"
    "@onflow/util-address" "^1.0.1"
    "@onflow/util-invariant" "^1.0.1"
    "@onflow/util-logger" "^1.0.1"
    "@onflow/util-template" "^1.0.1"
    deepmerge "^4.2.2"
    sha3 "^2.1.4"

"@onflow/transport-grpc@^1.0.1":
  version "1.0.1"
  resolved "https://registry.yarnpkg.com/@onflow/transport-grpc/-/transport-grpc-1.0.1.tgz#4f29d6803292d36bbfd5ec1fb427df09f53e9090"
  integrity sha512-Ik9RmVDv7VHo2QP3pB+zcWgOefatEbX5QXUcf5ydLkcz2MC1WKcJ2aKisJtbQhPa4+8MfJ5gIRMy9x7bIpej4g==
  dependencies:
    "@improbable-eng/grpc-web" "^0.14.0"
    "@improbable-eng/grpc-web-node-http-transport" "^0.14.0"
    "@onflow/protobuf" "^1.0.0"
    "@onflow/rlp" "^1.0.1"
    "@onflow/util-address" "^1.0.1"
    "@onflow/util-invariant" "^1.0.1"
    "@onflow/util-template" "^1.0.1"

"@onflow/transport-http@^1.1.0":
  version "1.2.0"
  resolved "https://registry.yarnpkg.com/@onflow/transport-http/-/transport-http-1.2.0.tgz#9578854e8c750cde6427168fc4d18be4137e881f"
  integrity sha512-+Qejt1flUpB1B4sS1uFA9RNuL5+ZrOXC/1EyH2UpwuTZ4MIN3ATCVWiGaHr+LydgHzcBKugkiQLxAVYbBtFq6A==
  dependencies:
    "@onflow/util-address" "^1.0.1"
    "@onflow/util-invariant" "^1.0.1"
    "@onflow/util-node-http-modules" "^1.0.2"
    "@onflow/util-template" "^1.0.1"

"@onflow/types@^0.0.5":
  version "0.0.5"
  resolved "https://registry.yarnpkg.com/@onflow/types/-/types-0.0.5.tgz#933f12dd85eadfec1ab62d23bd767e993c7be0cf"
  integrity sha512-Pgh3hz3Cr8KPpkaDd1E3FdQRASGqpfA1NK7dtgz+6xdTdESeqU2z0ksocrOdfy9ikRvKt4RyFmDuXPx2CVbjuQ==

"@onflow/types@^1.0.1":
  version "1.0.1"
  resolved "https://registry.yarnpkg.com/@onflow/types/-/types-1.0.1.tgz#2b9a5332d55e2526432304cac7f7a51870865357"
  integrity sha512-1fmNUIqi6shXs0OCt0nouXgg0y/PtZoQp8128sOtB5zGdzaTwiluoYZMNtashdTQbqY4ZssTMJjSObPWhyIzAA==

"@onflow/util-actor@^1.0.1":
  version "1.0.1"
  resolved "https://registry.yarnpkg.com/@onflow/util-actor/-/util-actor-1.0.1.tgz#4fd115e3a91ae6b7b73c4cf309bbb1612faea9b1"
  integrity sha512-iGvwLsG33dZrglKaCqqCXcopUEzUQMy2tJum4sYu7grjZkzHlvayVUCbudgkPeVe7JrB7qholA/Fj6hUI2rMXw==
  dependencies:
    queue-microtask "1.1.2"

"@onflow/util-address@^1.0.1":
  version "1.0.1"
  resolved "https://registry.yarnpkg.com/@onflow/util-address/-/util-address-1.0.1.tgz#211b7f784683f866ffefa6bd2b65ad9f832b3ee4"
  integrity sha512-KanTfsZTBS4iETegtNWDfmQEXd7FapSyTm//N0tdF6hVoTxLI/DNd0Y39adhQasAyrO294q/I72wQUVO+WT7Fg==

"@onflow/util-invariant@^1.0.1":
  version "1.0.1"
  resolved "https://registry.yarnpkg.com/@onflow/util-invariant/-/util-invariant-1.0.1.tgz#b97c5a16ada0383524b3d7442fd004d6605f5bc3"
  integrity sha512-FYLgxASDmD2qVru8G8MX9y3jE8DFie1fk7lWnWndnJvsO94/jmZaql73ytmZme37TQoTWSNfilAgU9T0HcG/gA==

"@onflow/util-logger@^1.0.1":
  version "1.0.1"
  resolved "https://registry.yarnpkg.com/@onflow/util-logger/-/util-logger-1.0.1.tgz#9b559e945c7894e2c12d426a530aea7017a25c1f"
  integrity sha512-0QQ/h8mDQIe9yy6xvFj5GOu7Mo1ZnjwaFcGQRTuM+V6XMD5cxs3IChKYIDuuGIZtzwyf0kwK+HXOqrFQhfB9fg==
  dependencies:
    "@onflow/sdk" "^1.0.1"

"@onflow/util-node-http-modules@^1.0.2":
  version "1.0.2"
  resolved "https://registry.yarnpkg.com/@onflow/util-node-http-modules/-/util-node-http-modules-1.0.2.tgz#cae1edecaa9524d15d10023940fbf7489f970c45"
  integrity sha512-aj+G1Q9Irk0SBFY3jFHPhxe5Tcfn6YKZULTnsEiedsLsanNoTIZ6RGGcD4Z/LEZp3mW9MIni8voPFJifrSND5w==

"@onflow/util-template@^1.0.1":
  version "1.0.1"
  resolved "https://registry.yarnpkg.com/@onflow/util-template/-/util-template-1.0.1.tgz#bf7d0f6cc6f222ca61690b173af4208491ba1e0d"
  integrity sha512-+aRn0tjWkE5csPXtijoETxIkwZwH+vSQJgjSL6s6gfeleS6kJNI3uXyrJberATAg/oK5XDtymNwxJxh8lxZS3g==

"@onflow/util-uid@^1.0.1":
  version "1.0.1"
  resolved "https://registry.yarnpkg.com/@onflow/util-uid/-/util-uid-1.0.1.tgz#690cc01cde4a0dd668d3438eddaac9e282f2feb3"
  integrity sha512-/CHK3AC8Ex2uUFmbmrVbp/NlmSfkVPUxbkImoBgjf0WecodD7yCFojYePfB8srjk+LsAyMP6iOmcyiMDYiaM6Q==

base64-js@^1.3.1:
  version "1.5.1"
  resolved "https://registry.yarnpkg.com/base64-js/-/base64-js-1.5.1.tgz#1b1b440160a5bf7ad40b650f095963481903930a"
  integrity sha512-AKpaYlHn8t4SVbOHCy+b5+KKgvR4vrsD8vbvrbiQJps7fKDTkjkDry6ji0rUJjC0kzbNePLwzxq8iypo41qeWA==

bn.js@^4.11.9:
  version "4.12.0"
  resolved "https://registry.yarnpkg.com/bn.js/-/bn.js-4.12.0.tgz#775b3f278efbb9718eec7361f483fb36fbbfea88"
  integrity sha512-c98Bf3tPniI+scsdk237ku1Dc3ujXQTSgyiPUDEOe7tRkhrqridvh8klBv0HCEso1OLOYcHuCv/cS6DNxKH+ZA==

brorand@^1.1.0:
  version "1.1.0"
  resolved "https://registry.yarnpkg.com/brorand/-/brorand-1.1.0.tgz#12c25efe40a45e3c323eb8675a0a0ce57b22371f"
  integrity sha1-EsJe/kCkXjwyPrhnWgoM5XsiNx8=

browser-headers@^0.4.0, browser-headers@^0.4.1:
  version "0.4.1"
  resolved "https://registry.yarnpkg.com/browser-headers/-/browser-headers-0.4.1.tgz#4308a7ad3b240f4203dbb45acedb38dc2d65dd02"
  integrity sha512-CA9hsySZVo9371qEHjHZtYxV2cFtVj5Wj/ZHi8ooEsrtm4vOnl9Y9HmyYWk9q+05d7K3rdoAE0j3MVEFVvtQtg==

buffer@6.0.3, buffer@^6.0.3:
  version "6.0.3"
  resolved "https://registry.yarnpkg.com/buffer/-/buffer-6.0.3.tgz#2ace578459cc8fbe2a70aaa8f52ee63b6a74c6c6"
  integrity sha512-FTiCpNxtwiZZHEZbcbTIcZjERVICn9yq/pDFkTl95/AxzD1naBctN7YO68riM/gLSDY7sdrMby8hofADYuuqOA==
  dependencies:
    base64-js "^1.3.1"
    ieee754 "^1.2.1"

deepmerge@^4.2.2:
  version "4.2.2"
  resolved "https://registry.yarnpkg.com/deepmerge/-/deepmerge-4.2.2.tgz#44d2ea3679b8f4d4ffba33f03d865fc1e7bf4955"
  integrity sha512-FJ3UgI4gIl+PHZm53knsuSFpE+nESMr7M4v9QcgB7S63Kj/6WqMiFQJpBBYz1Pt+66bZpP3Q7Lye0Oo9MPKEdg==

dotenv-expand@^5.1.0:
  version "5.1.0"
  resolved "https://registry.yarnpkg.com/dotenv-expand/-/dotenv-expand-5.1.0.tgz#3fbaf020bfd794884072ea26b1e9791d45a629f0"
  integrity sha512-YXQl1DSa4/PQyRfgrv6aoNjhasp/p4qs9FjJ4q4cQk+8m4r6k4ZSiEyytKG8f8W9gi8WsQtIObNmKd+tMzNTmA==

dotenv@^10.0.0:
  version "10.0.0"
  resolved "https://registry.yarnpkg.com/dotenv/-/dotenv-10.0.0.tgz#3d4227b8fb95f81096cdd2b66653fb2c7085ba81"
  integrity sha512-rlBi9d8jpv9Sf1klPjNfFAuWDjKLwTIJJ/VxtoTwIR6hnZxcEOQCZg2oIL3MWBYw5GpUDKOEnND7LXTbIpQ03Q==

elliptic@^6.5.4:
  version "6.5.4"
  resolved "https://registry.yarnpkg.com/elliptic/-/elliptic-6.5.4.tgz#da37cebd31e79a1367e941b592ed1fbebd58abbb"
  integrity sha512-iLhC6ULemrljPZb+QutR5TQGB+pdW6KGD5RSegS+8sorOZT+rdQFbsQFJgvN3eRqNALqJer4oQ16YvJHlU8hzQ==
  dependencies:
    bn.js "^4.11.9"
    brorand "^1.1.0"
    hash.js "^1.0.0"
    hmac-drbg "^1.0.1"
    inherits "^2.0.4"
    minimalistic-assert "^1.0.1"
    minimalistic-crypto-utils "^1.0.1"

google-protobuf@^3.11.4:
  version "3.20.1"
  resolved "https://registry.yarnpkg.com/google-protobuf/-/google-protobuf-3.20.1.tgz#1b255c2b59bcda7c399df46c65206aa3c7a0ce8b"
  integrity sha512-XMf1+O32FjYIV3CYu6Tuh5PNbfNEU5Xu22X+Xkdb/DUexFlCzhvv7d5Iirm4AOwn8lv4al1YvIhzGrg2j9Zfzw==

hash.js@^1.0.0, hash.js@^1.0.3:
  version "1.1.7"
  resolved "https://registry.yarnpkg.com/hash.js/-/hash.js-1.1.7.tgz#0babca538e8d4ee4a0f8988d68866537a003cf42"
  integrity sha512-taOaskGt4z4SOANNseOviYDvjEJinIkRgmp7LbKP2YTTmVxWBl87s/uzK9r+44BclBSp2X7K1hqeNfz9JbBeXA==
  dependencies:
    inherits "^2.0.3"
    minimalistic-assert "^1.0.1"

hmac-drbg@^1.0.1:
  version "1.0.1"
  resolved "https://registry.yarnpkg.com/hmac-drbg/-/hmac-drbg-1.0.1.tgz#d2745701025a6c775a6c545793ed502fc0c649a1"
  integrity sha1-0nRXAQJabHdabFRXk+1QL8DGSaE=
  dependencies:
    hash.js "^1.0.3"
    minimalistic-assert "^1.0.0"
    minimalistic-crypto-utils "^1.0.1"

ieee754@^1.2.1:
  version "1.2.1"
  resolved "https://registry.yarnpkg.com/ieee754/-/ieee754-1.2.1.tgz#8eb7a10a63fff25d15a57b001586d177d1b0d352"
  integrity sha512-dcyqhDvX1C46lXZcVqCpK+FtMRQVdIMN6/Df5js2zouUsqG7I6sFxitIC+7KYK29KdXOLHdu9zL4sFnoVQnqaA==

inherits@^2.0.3, inherits@^2.0.4:
  version "2.0.4"
  resolved "https://registry.yarnpkg.com/inherits/-/inherits-2.0.4.tgz#0fa2c64f932917c3433a0ded55363aae37416b7c"
  integrity sha512-k/vGaX4/Yla3WzyMCvTQOXYeIHvqOKtnqBduzTHpzpQZzAskKMhZ2K+EnBiSM9zGSoIFeMpXKxa4dYeZIQqewQ==

minimalistic-assert@^1.0.0, minimalistic-assert@^1.0.1:
  version "1.0.1"
  resolved "https://registry.yarnpkg.com/minimalistic-assert/-/minimalistic-assert-1.0.1.tgz#2e194de044626d4a10e7f7fbc00ce73e83e4d5c7"
  integrity sha512-UtJcAD4yEaGtjPezWuO9wC4nwUnVH/8/Im3yEHQP4b67cXlD/Qr9hdITCU1xDbSEXg2XKNaP8jsReV7vQd00/A==

minimalistic-crypto-utils@^1.0.1:
  version "1.0.1"
  resolved "https://registry.yarnpkg.com/minimalistic-crypto-utils/-/minimalistic-crypto-utils-1.0.1.tgz#f6c00c1c0b082246e5c4d99dfb8c7c083b2b582a"
  integrity sha1-9sAMHAsIIkblxNmd+4x8CDsrWCo=

queue-microtask@1.1.2:
  version "1.1.2"
  resolved "https://registry.yarnpkg.com/queue-microtask/-/queue-microtask-1.1.2.tgz#139bf8186db0c545017ec66c2664ac646d5c571e"
  integrity sha512-F9wwNePtXrzZenAB3ax0Y8TSKGvuB7Qw16J30hspEUTbfUM+H827XyN3rlpwhVmtm5wuZtbKIHjOnwDn7MUxWQ==

sha3@^2.1.4:
  version "2.1.4"
  resolved "https://registry.yarnpkg.com/sha3/-/sha3-2.1.4.tgz#000fac0fe7c2feac1f48a25e7a31b52a6492cc8f"
  integrity sha512-S8cNxbyb0UGUM2VhRD4Poe5N58gJnJsLJ5vC7FYWGUmGhcsj4++WaIOBFVDxlG0W3To6xBuiRh+i0Qp2oNCOtg==
  dependencies:
    buffer "6.0.3"
